// !$*UTF8*$!
{
	archiveVersion = 1;
	classes = {
	};
	objectVersion = 56;
	objects = {

/* Begin PBXBuildFile section */
		FA2095DC2B6A7F4F0046EEA1 /* MainMenuView.swift in Sources */ = {isa = PBXBuildFile; fileRef = FA2095DB2B6A7F4F0046EEA1 /* MainMenuView.swift */; };
		FA2095DE2B6AA5B70046EEA1 /* Strings.swift in Sources */ = {isa = PBXBuildFile; fileRef = FA2095DD2B6AA5B70046EEA1 /* Strings.swift */; };
		FA2095E02B6BE2E10046EEA1 /* DrawingConstants.swift in Sources */ = {isa = PBXBuildFile; fileRef = FA2095DF2B6BE2E10046EEA1 /* DrawingConstants.swift */; };
		FA2095E22B6BE3610046EEA1 /* ListView.swift in Sources */ = {isa = PBXBuildFile; fileRef = FA2095E12B6BE3610046EEA1 /* ListView.swift */; };
		FA2095E62B6D293B0046EEA1 /* NamedTextField.swift in Sources */ = {isa = PBXBuildFile; fileRef = FA2095E52B6D293B0046EEA1 /* NamedTextField.swift */; };
		FA2095E82B6D2D9F0046EEA1 /* SettingsView.swift in Sources */ = {isa = PBXBuildFile; fileRef = FA2095E72B6D2D9F0046EEA1 /* SettingsView.swift */; };
		FA2095EA2B6D35CE0046EEA1 /* DialogButtons.swift in Sources */ = {isa = PBXBuildFile; fileRef = FA2095E92B6D35CE0046EEA1 /* DialogButtons.swift */; };
		FA2095EC2B710AB60046EEA1 /* TableControlButtons.swift in Sources */ = {isa = PBXBuildFile; fileRef = FA2095EB2B710AB60046EEA1 /* TableControlButtons.swift */; };
		FA2095EE2B710EB20046EEA1 /* ProjectEditView.swift in Sources */ = {isa = PBXBuildFile; fileRef = FA2095ED2B710EB20046EEA1 /* ProjectEditView.swift */; };
		FA2095F02B710FAC0046EEA1 /* NamedTextView.swift in Sources */ = {isa = PBXBuildFile; fileRef = FA2095EF2B710FAC0046EEA1 /* NamedTextView.swift */; };
		FA2095F22B7123C50046EEA1 /* EmployeeEditView.swift in Sources */ = {isa = PBXBuildFile; fileRef = FA2095F12B7123C50046EEA1 /* EmployeeEditView.swift */; };
		FA2095F42B7127B90046EEA1 /* DateChooser.swift in Sources */ = {isa = PBXBuildFile; fileRef = FA2095F32B7127B90046EEA1 /* DateChooser.swift */; };
		FA2095F62B7137630046EEA1 /* IssueEditView.swift in Sources */ = {isa = PBXBuildFile; fileRef = FA2095F52B7137630046EEA1 /* IssueEditView.swift */; };
		FA2095F82B7139F80046EEA1 /* NamedPicker.swift in Sources */ = {isa = PBXBuildFile; fileRef = FA2095F72B7139F80046EEA1 /* NamedPicker.swift */; };
		FA2095FA2B7254970046EEA1 /* MyProgressView.swift in Sources */ = {isa = PBXBuildFile; fileRef = FA2095F92B7254970046EEA1 /* MyProgressView.swift */; };
		FA2818D62B500B5F006E8329 /* AppDelegate.swift in Sources */ = {isa = PBXBuildFile; fileRef = FA2818D52B500B5F006E8329 /* AppDelegate.swift */; };
		FA2818D82B500B5F006E8329 /* SceneDelegate.swift in Sources */ = {isa = PBXBuildFile; fileRef = FA2818D72B500B5F006E8329 /* SceneDelegate.swift */; };
		FA2818DA2B500B5F006E8329 /* MainMenuController.swift in Sources */ = {isa = PBXBuildFile; fileRef = FA2818D92B500B5F006E8329 /* MainMenuController.swift */; };
		FA2818DF2B500B61006E8329 /* Assets.xcassets in Resources */ = {isa = PBXBuildFile; fileRef = FA2818DE2B500B61006E8329 /* Assets.xcassets */; };
		FA2818E22B500B61006E8329 /* LaunchScreen.storyboard in Resources */ = {isa = PBXBuildFile; fileRef = FA2818E02B500B61006E8329 /* LaunchScreen.storyboard */; };
		FA30D9842B553F1800706411 /* SettingsController.swift in Sources */ = {isa = PBXBuildFile; fileRef = FA30D9832B553F1800706411 /* SettingsController.swift */; };
		FA30D9862B56B07100706411 /* ProjectListController.swift in Sources */ = {isa = PBXBuildFile; fileRef = FA30D9852B56B07100706411 /* ProjectListController.swift */; };
		FA30D9892B56C09300706411 /* ProjectListCell.swift in Sources */ = {isa = PBXBuildFile; fileRef = FA30D9872B56C09300706411 /* ProjectListCell.swift */; };
		FA885E3D2B57FEA8008D1544 /* EmployeeEditController.swift in Sources */ = {isa = PBXBuildFile; fileRef = FA885E3B2B57FEA8008D1544 /* EmployeeEditController.swift */; };
		FA885E402B59684E008D1544 /* IssueListController.swift in Sources */ = {isa = PBXBuildFile; fileRef = FA885E3F2B59684E008D1544 /* IssueListController.swift */; };
		FA885E432B596BEF008D1544 /* IssueListCell.swift in Sources */ = {isa = PBXBuildFile; fileRef = FA885E412B596BEF008D1544 /* IssueListCell.swift */; };
		FA885E472B597A76008D1544 /* IssueEditController.swift in Sources */ = {isa = PBXBuildFile; fileRef = FA885E452B597A76008D1544 /* IssueEditController.swift */; };
		FA885E532B5FFBFF008D1544 /* MyProgressViewController.swift in Sources */ = {isa = PBXBuildFile; fileRef = FA885E512B5FFBFF008D1544 /* MyProgressViewController.swift */; };
		FA9807D52B5010F700A9E323 /* Project.swift in Sources */ = {isa = PBXBuildFile; fileRef = FA9807D42B5010F700A9E323 /* Project.swift */; };
		FA9807D72B50116000A9E323 /* Issue.swift in Sources */ = {isa = PBXBuildFile; fileRef = FA9807D62B50116000A9E323 /* Issue.swift */; };
		FA9807D92B5013F100A9E323 /* Employee.swift in Sources */ = {isa = PBXBuildFile; fileRef = FA9807D82B5013F100A9E323 /* Employee.swift */; };
		FA9807DB2B50170A00A9E323 /* Settings.swift in Sources */ = {isa = PBXBuildFile; fileRef = FA9807DA2B50170A00A9E323 /* Settings.swift */; };
		FA9807DD2B501D0800A9E323 /* Errors.swift in Sources */ = {isa = PBXBuildFile; fileRef = FA9807DC2B501D0800A9E323 /* Errors.swift */; };
		FA9807E02B5126A500A9E323 /* ProjectStore.swift in Sources */ = {isa = PBXBuildFile; fileRef = FA9807DF2B5126A500A9E323 /* ProjectStore.swift */; };
		FA9807E22B512B4600A9E323 /* EmployeeStore.swift in Sources */ = {isa = PBXBuildFile; fileRef = FA9807E12B512B4600A9E323 /* EmployeeStore.swift */; };
		FA9807E72B5137CE00A9E323 /* NetworkStub.swift in Sources */ = {isa = PBXBuildFile; fileRef = FA9807E62B5137CE00A9E323 /* NetworkStub.swift */; };
		FA9807E92B519ACB00A9E323 /* NetworkManager.swift in Sources */ = {isa = PBXBuildFile; fileRef = FA9807E82B519ACB00A9E323 /* NetworkManager.swift */; };
		FA9D2B362B56D62E00595871 /* ProjectEditController.swift in Sources */ = {isa = PBXBuildFile; fileRef = FA9D2B342B56D62E00595871 /* ProjectEditController.swift */; };
		FA9D2B392B57E9E600595871 /* EmployeeListController.swift in Sources */ = {isa = PBXBuildFile; fileRef = FA9D2B382B57E9E600595871 /* EmployeeListController.swift */; };
		FA9D2B3C2B57EDFE00595871 /* EmployeeListCell.swift in Sources */ = {isa = PBXBuildFile; fileRef = FA9D2B3A2B57EDFE00595871 /* EmployeeListCell.swift */; };
		FAC4932D2B7519B20072CDAD /* Settings.plist in Resources */ = {isa = PBXBuildFile; fileRef = FAC4932C2B7519B20072CDAD /* Settings.plist */; };
/* End PBXBuildFile section */

/* Begin PBXFileReference section */
		FA2095DB2B6A7F4F0046EEA1 /* MainMenuView.swift */ = {isa = PBXFileReference; lastKnownFileType = sourcecode.swift; path = MainMenuView.swift; sourceTree = "<group>"; };
		FA2095DD2B6AA5B70046EEA1 /* Strings.swift */ = {isa = PBXFileReference; lastKnownFileType = sourcecode.swift; path = Strings.swift; sourceTree = "<group>"; };
		FA2095DF2B6BE2E10046EEA1 /* DrawingConstants.swift */ = {isa = PBXFileReference; lastKnownFileType = sourcecode.swift; path = DrawingConstants.swift; sourceTree = "<group>"; };
		FA2095E12B6BE3610046EEA1 /* ListView.swift */ = {isa = PBXFileReference; lastKnownFileType = sourcecode.swift; path = ListView.swift; sourceTree = "<group>"; };
		FA2095E52B6D293B0046EEA1 /* NamedTextField.swift */ = {isa = PBXFileReference; lastKnownFileType = sourcecode.swift; path = NamedTextField.swift; sourceTree = "<group>"; };
		FA2095E72B6D2D9F0046EEA1 /* SettingsView.swift */ = {isa = PBXFileReference; lastKnownFileType = sourcecode.swift; path = SettingsView.swift; sourceTree = "<group>"; };
		FA2095E92B6D35CE0046EEA1 /* DialogButtons.swift */ = {isa = PBXFileReference; lastKnownFileType = sourcecode.swift; path = DialogButtons.swift; sourceTree = "<group>"; };
		FA2095EB2B710AB60046EEA1 /* TableControlButtons.swift */ = {isa = PBXFileReference; lastKnownFileType = sourcecode.swift; path = TableControlButtons.swift; sourceTree = "<group>"; };
		FA2095ED2B710EB20046EEA1 /* ProjectEditView.swift */ = {isa = PBXFileReference; lastKnownFileType = sourcecode.swift; path = ProjectEditView.swift; sourceTree = "<group>"; };
		FA2095EF2B710FAC0046EEA1 /* NamedTextView.swift */ = {isa = PBXFileReference; lastKnownFileType = sourcecode.swift; path = NamedTextView.swift; sourceTree = "<group>"; };
		FA2095F12B7123C50046EEA1 /* EmployeeEditView.swift */ = {isa = PBXFileReference; lastKnownFileType = sourcecode.swift; path = EmployeeEditView.swift; sourceTree = "<group>"; };
		FA2095F32B7127B90046EEA1 /* DateChooser.swift */ = {isa = PBXFileReference; lastKnownFileType = sourcecode.swift; path = DateChooser.swift; sourceTree = "<group>"; };
		FA2095F52B7137630046EEA1 /* IssueEditView.swift */ = {isa = PBXFileReference; lastKnownFileType = sourcecode.swift; path = IssueEditView.swift; sourceTree = "<group>"; };
		FA2095F72B7139F80046EEA1 /* NamedPicker.swift */ = {isa = PBXFileReference; lastKnownFileType = sourcecode.swift; path = NamedPicker.swift; sourceTree = "<group>"; };
		FA2095F92B7254970046EEA1 /* MyProgressView.swift */ = {isa = PBXFileReference; lastKnownFileType = sourcecode.swift; path = MyProgressView.swift; sourceTree = "<group>"; };
		FA2818D22B500B5F006E8329 /* trainingtask.app */ = {isa = PBXFileReference; explicitFileType = wrapper.application; includeInIndex = 0; path = trainingtask.app; sourceTree = BUILT_PRODUCTS_DIR; };
		FA2818D52B500B5F006E8329 /* AppDelegate.swift */ = {isa = PBXFileReference; lastKnownFileType = sourcecode.swift; path = AppDelegate.swift; sourceTree = "<group>"; };
		FA2818D72B500B5F006E8329 /* SceneDelegate.swift */ = {isa = PBXFileReference; lastKnownFileType = sourcecode.swift; path = SceneDelegate.swift; sourceTree = "<group>"; };
		FA2818D92B500B5F006E8329 /* MainMenuController.swift */ = {isa = PBXFileReference; lastKnownFileType = sourcecode.swift; path = MainMenuController.swift; sourceTree = "<group>"; };
		FA2818DE2B500B61006E8329 /* Assets.xcassets */ = {isa = PBXFileReference; lastKnownFileType = folder.assetcatalog; path = Assets.xcassets; sourceTree = "<group>"; };
		FA2818E12B500B61006E8329 /* Base */ = {isa = PBXFileReference; lastKnownFileType = file.storyboard; name = Base; path = Base.lproj/LaunchScreen.storyboard; sourceTree = "<group>"; };
		FA2818E32B500B61006E8329 /* Info.plist */ = {isa = PBXFileReference; lastKnownFileType = text.plist.xml; path = Info.plist; sourceTree = "<group>"; };
		FA30D9832B553F1800706411 /* SettingsController.swift */ = {isa = PBXFileReference; lastKnownFileType = sourcecode.swift; path = SettingsController.swift; sourceTree = "<group>"; };
		FA30D9852B56B07100706411 /* ProjectListController.swift */ = {isa = PBXFileReference; lastKnownFileType = sourcecode.swift; path = ProjectListController.swift; sourceTree = "<group>"; };
		FA30D9872B56C09300706411 /* ProjectListCell.swift */ = {isa = PBXFileReference; lastKnownFileType = sourcecode.swift; path = ProjectListCell.swift; sourceTree = "<group>"; };
		FA885E3B2B57FEA8008D1544 /* EmployeeEditController.swift */ = {isa = PBXFileReference; lastKnownFileType = sourcecode.swift; path = EmployeeEditController.swift; sourceTree = "<group>"; };
		FA885E3F2B59684E008D1544 /* IssueListController.swift */ = {isa = PBXFileReference; lastKnownFileType = sourcecode.swift; path = IssueListController.swift; sourceTree = "<group>"; };
		FA885E412B596BEF008D1544 /* IssueListCell.swift */ = {isa = PBXFileReference; lastKnownFileType = sourcecode.swift; path = IssueListCell.swift; sourceTree = "<group>"; };
		FA885E452B597A76008D1544 /* IssueEditController.swift */ = {isa = PBXFileReference; lastKnownFileType = sourcecode.swift; path = IssueEditController.swift; sourceTree = "<group>"; };
		FA885E512B5FFBFF008D1544 /* MyProgressViewController.swift */ = {isa = PBXFileReference; lastKnownFileType = sourcecode.swift; path = MyProgressViewController.swift; sourceTree = "<group>"; };
		FA9807CA2B500BEC00A9E323 /* README.md */ = {isa = PBXFileReference; fileEncoding = 4; lastKnownFileType = net.daringfireball.markdown; path = README.md; sourceTree = "<group>"; };
		FA9807CC2B500C1400A9E323 /* version.txt */ = {isa = PBXFileReference; lastKnownFileType = text; path = version.txt; sourceTree = "<group>"; };
		FA9807D42B5010F700A9E323 /* Project.swift */ = {isa = PBXFileReference; lastKnownFileType = sourcecode.swift; path = Project.swift; sourceTree = "<group>"; };
		FA9807D62B50116000A9E323 /* Issue.swift */ = {isa = PBXFileReference; lastKnownFileType = sourcecode.swift; path = Issue.swift; sourceTree = "<group>"; };
		FA9807D82B5013F100A9E323 /* Employee.swift */ = {isa = PBXFileReference; lastKnownFileType = sourcecode.swift; path = Employee.swift; sourceTree = "<group>"; };
		FA9807DA2B50170A00A9E323 /* Settings.swift */ = {isa = PBXFileReference; lastKnownFileType = sourcecode.swift; path = Settings.swift; sourceTree = "<group>"; };
		FA9807DC2B501D0800A9E323 /* Errors.swift */ = {isa = PBXFileReference; lastKnownFileType = sourcecode.swift; path = Errors.swift; sourceTree = "<group>"; };
		FA9807DF2B5126A500A9E323 /* ProjectStore.swift */ = {isa = PBXFileReference; lastKnownFileType = sourcecode.swift; path = ProjectStore.swift; sourceTree = "<group>"; };
		FA9807E12B512B4600A9E323 /* EmployeeStore.swift */ = {isa = PBXFileReference; lastKnownFileType = sourcecode.swift; path = EmployeeStore.swift; sourceTree = "<group>"; };
		FA9807E62B5137CE00A9E323 /* NetworkStub.swift */ = {isa = PBXFileReference; lastKnownFileType = sourcecode.swift; path = NetworkStub.swift; sourceTree = "<group>"; };
		FA9807E82B519ACB00A9E323 /* NetworkManager.swift */ = {isa = PBXFileReference; lastKnownFileType = sourcecode.swift; path = NetworkManager.swift; sourceTree = "<group>"; };
		FA9D2B342B56D62E00595871 /* ProjectEditController.swift */ = {isa = PBXFileReference; lastKnownFileType = sourcecode.swift; path = ProjectEditController.swift; sourceTree = "<group>"; };
		FA9D2B382B57E9E600595871 /* EmployeeListController.swift */ = {isa = PBXFileReference; lastKnownFileType = sourcecode.swift; path = EmployeeListController.swift; sourceTree = "<group>"; };
		FA9D2B3A2B57EDFE00595871 /* EmployeeListCell.swift */ = {isa = PBXFileReference; lastKnownFileType = sourcecode.swift; path = EmployeeListCell.swift; sourceTree = "<group>"; };
		FAC4932C2B7519B20072CDAD /* Settings.plist */ = {isa = PBXFileReference; lastKnownFileType = text.plist.xml; path = Settings.plist; sourceTree = "<group>"; };
/* End PBXFileReference section */

/* Begin PBXFrameworksBuildPhase section */
		FA2818CF2B500B5F006E8329 /* Frameworks */ = {
			isa = PBXFrameworksBuildPhase;
			buildActionMask = 2147483647;
			files = (
			);
			runOnlyForDeploymentPostprocessing = 0;
		};
/* End PBXFrameworksBuildPhase section */

/* Begin PBXGroup section */
		FA2818C92B500B5F006E8329 = {
			isa = PBXGroup;
			children = (
				FA9807CC2B500C1400A9E323 /* version.txt */,
				FA9807CA2B500BEC00A9E323 /* README.md */,
				FA9807C92B500BD200A9E323 /* docs */,
				FA2818D42B500B5F006E8329 /* com.qulix.alex.trainingtask.ios */,
				FA2818D32B500B5F006E8329 /* Products */,
			);
			sourceTree = "<group>";
		};
		FA2818D32B500B5F006E8329 /* Products */ = {
			isa = PBXGroup;
			children = (
				FA2818D22B500B5F006E8329 /* trainingtask.app */,
			);
			name = Products;
			sourceTree = "<group>";
		};
		FA2818D42B500B5F006E8329 /* com.qulix.alex.trainingtask.ios */ = {
			isa = PBXGroup;
			children = (
				FA9807CD2B500C3200A9E323 /* src */,
			);
			path = com.qulix.alex.trainingtask.ios;
			sourceTree = "<group>";
		};
		FA885E392B57FB7E008D1544 /* Lists */ = {
			isa = PBXGroup;
			children = (
				FA30D9852B56B07100706411 /* ProjectListController.swift */,
				FA9D2B382B57E9E600595871 /* EmployeeListController.swift */,
				FA885E3F2B59684E008D1544 /* IssueListController.swift */,
			);
			path = Lists;
			sourceTree = "<group>";
		};
		FA885E3A2B57FB8B008D1544 /* Editors */ = {
			isa = PBXGroup;
			children = (
				FA9D2B342B56D62E00595871 /* ProjectEditController.swift */,
				FA885E3B2B57FEA8008D1544 /* EmployeeEditController.swift */,
				FA885E452B597A76008D1544 /* IssueEditController.swift */,
			);
			path = Editors;
			sourceTree = "<group>";
		};
		FA885E4B2B5FFBA1008D1544 /* Cells */ = {
			isa = PBXGroup;
			children = (
				FA30D9872B56C09300706411 /* ProjectListCell.swift */,
				FA9D2B3A2B57EDFE00595871 /* EmployeeListCell.swift */,
				FA885E412B596BEF008D1544 /* IssueListCell.swift */,
			);
			path = Cells;
			sourceTree = "<group>";
		};
		FA885E552B602D31008D1544 /* Editors */ = {
			isa = PBXGroup;
			children = (
				FA2095ED2B710EB20046EEA1 /* ProjectEditView.swift */,
				FA2095F12B7123C50046EEA1 /* EmployeeEditView.swift */,
				FA2095F52B7137630046EEA1 /* IssueEditView.swift */,
			);
			path = Editors;
			sourceTree = "<group>";
		};
		FA9807C92B500BD200A9E323 /* docs */ = {
			isa = PBXGroup;
			children = (
			);
			path = docs;
			sourceTree = "<group>";
		};
		FA9807CD2B500C3200A9E323 /* src */ = {
			isa = PBXGroup;
			children = (
				FA9807D02B500D0F00A9E323 /* Model */,
				FA9807CF2B500CFC00A9E323 /* Controller */,
				FA9807CE2B500CF000A9E323 /* View */,
				FA2818D52B500B5F006E8329 /* AppDelegate.swift */,
				FA2818D72B500B5F006E8329 /* SceneDelegate.swift */,
				FA9807DC2B501D0800A9E323 /* Errors.swift */,
				FA2095DF2B6BE2E10046EEA1 /* DrawingConstants.swift */,
				FA2095DD2B6AA5B70046EEA1 /* Strings.swift */,
				FA2818DE2B500B61006E8329 /* Assets.xcassets */,
				FA2818E32B500B61006E8329 /* Info.plist */,
				FAC4932C2B7519B20072CDAD /* Settings.plist */,
			);
			path = src;
			sourceTree = "<group>";
		};
		FA9807CE2B500CF000A9E323 /* View */ = {
			isa = PBXGroup;
			children = (
				FA9807D22B500D4C00A9E323 /* Components */,
				FA9807D12B500D3200A9E323 /* Screens */,
			);
			path = View;
			sourceTree = "<group>";
		};
		FA9807CF2B500CFC00A9E323 /* Controller */ = {
			isa = PBXGroup;
			children = (
				FA9807EB2B552F7A00A9E323 /* Scenes */,
				FA9807EA2B552F5400A9E323 /* Components */,
			);
			path = Controller;
			sourceTree = "<group>";
		};
		FA9807D02B500D0F00A9E323 /* Model */ = {
			isa = PBXGroup;
			children = (
				FA9807D32B50108B00A9E323 /* Entities */,
				FA9807DE2B51266C00A9E323 /* Store */,
				FA9807E32B5136B500A9E323 /* Networking */,
			);
			path = Model;
			sourceTree = "<group>";
		};
		FA9807D12B500D3200A9E323 /* Screens */ = {
			isa = PBXGroup;
			children = (
				FA885E552B602D31008D1544 /* Editors */,
				FA2818E02B500B61006E8329 /* LaunchScreen.storyboard */,
				FA2095DB2B6A7F4F0046EEA1 /* MainMenuView.swift */,
				FA2095E72B6D2D9F0046EEA1 /* SettingsView.swift */,
				FA2095E12B6BE3610046EEA1 /* ListView.swift */,
			);
			path = Screens;
			sourceTree = "<group>";
		};
		FA9807D22B500D4C00A9E323 /* Components */ = {
			isa = PBXGroup;
			children = (
				FA885E4B2B5FFBA1008D1544 /* Cells */,
				FA2095E52B6D293B0046EEA1 /* NamedTextField.swift */,
				FA2095EF2B710FAC0046EEA1 /* NamedTextView.swift */,
				FA2095F72B7139F80046EEA1 /* NamedPicker.swift */,
				FA2095E92B6D35CE0046EEA1 /* DialogButtons.swift */,
				FA2095EB2B710AB60046EEA1 /* TableControlButtons.swift */,
				FA2095F32B7127B90046EEA1 /* DateChooser.swift */,
				FA2095F92B7254970046EEA1 /* MyProgressView.swift */,
			);
			path = Components;
			sourceTree = "<group>";
		};
		FA9807D32B50108B00A9E323 /* Entities */ = {
			isa = PBXGroup;
			children = (
				FA9807D42B5010F700A9E323 /* Project.swift */,
				FA9807D62B50116000A9E323 /* Issue.swift */,
				FA9807D82B5013F100A9E323 /* Employee.swift */,
				FA9807DA2B50170A00A9E323 /* Settings.swift */,
			);
			path = Entities;
			sourceTree = "<group>";
		};
		FA9807DE2B51266C00A9E323 /* Store */ = {
			isa = PBXGroup;
			children = (
				FA9807DF2B5126A500A9E323 /* ProjectStore.swift */,
				FA9807E12B512B4600A9E323 /* EmployeeStore.swift */,
			);
			path = Store;
			sourceTree = "<group>";
		};
		FA9807E32B5136B500A9E323 /* Networking */ = {
			isa = PBXGroup;
			children = (
				FA9807E42B51376A00A9E323 /* Protocols */,
				FA9807E52B51377600A9E323 /* Implementations */,
			);
			path = Networking;
			sourceTree = "<group>";
		};
		FA9807E42B51376A00A9E323 /* Protocols */ = {
			isa = PBXGroup;
			children = (
				FA9807E82B519ACB00A9E323 /* NetworkManager.swift */,
			);
			path = Protocols;
			sourceTree = "<group>";
		};
		FA9807E52B51377600A9E323 /* Implementations */ = {
			isa = PBXGroup;
			children = (
				FA9807E62B5137CE00A9E323 /* NetworkStub.swift */,
			);
			path = Implementations;
			sourceTree = "<group>";
		};
		FA9807EA2B552F5400A9E323 /* Components */ = {
			isa = PBXGroup;
			children = (
				FA885E512B5FFBFF008D1544 /* MyProgressViewController.swift */,
			);
			path = Components;
			sourceTree = "<group>";
		};
		FA9807EB2B552F7A00A9E323 /* Scenes */ = {
			isa = PBXGroup;
			children = (
				FA2818D92B500B5F006E8329 /* MainMenuController.swift */,
				FA30D9832B553F1800706411 /* SettingsController.swift */,
				FA885E392B57FB7E008D1544 /* Lists */,
				FA885E3A2B57FB8B008D1544 /* Editors */,
			);
			path = Scenes;
			sourceTree = "<group>";
		};
/* End PBXGroup section */

/* Begin PBXNativeTarget section */
		FA2818D12B500B5F006E8329 /* trainingtask */ = {
			isa = PBXNativeTarget;
			buildConfigurationList = FA2818E62B500B61006E8329 /* Build configuration list for PBXNativeTarget "trainingtask" */;
			buildPhases = (
				FA2818CE2B500B5F006E8329 /* Sources */,
				FA2818CF2B500B5F006E8329 /* Frameworks */,
				FAC4932F2B777C130072CDAD /* Increment build number */,
				FA885E4A2B5ED573008D1544 /* Show version on launchscreen */,
				FA2818D02B500B5F006E8329 /* Resources */,
			);
			buildRules = (
			);
			dependencies = (
			);
			name = trainingtask;
			productName = trainingtask;
			productReference = FA2818D22B500B5F006E8329 /* trainingtask.app */;
			productType = "com.apple.product-type.application";
		};
/* End PBXNativeTarget section */

/* Begin PBXProject section */
		FA2818CA2B500B5F006E8329 /* Project object */ = {
			isa = PBXProject;
			attributes = {
				BuildIndependentTargetsInParallel = 1;
				LastSwiftUpdateCheck = 1520;
				LastUpgradeCheck = 1520;
				TargetAttributes = {
					FA2818D12B500B5F006E8329 = {
						CreatedOnToolsVersion = 15.2;
					};
				};
			};
			buildConfigurationList = FA2818CD2B500B5F006E8329 /* Build configuration list for PBXProject "trainingtask" */;
			compatibilityVersion = "Xcode 14.0";
			developmentRegion = en;
			hasScannedForEncodings = 0;
			knownRegions = (
				en,
				Base,
			);
			mainGroup = FA2818C92B500B5F006E8329;
			productRefGroup = FA2818D32B500B5F006E8329 /* Products */;
			projectDirPath = "";
			projectRoot = "";
			targets = (
				FA2818D12B500B5F006E8329 /* trainingtask */,
			);
		};
/* End PBXProject section */

/* Begin PBXResourcesBuildPhase section */
		FA2818D02B500B5F006E8329 /* Resources */ = {
			isa = PBXResourcesBuildPhase;
			buildActionMask = 2147483647;
			files = (
				FA2818E22B500B61006E8329 /* LaunchScreen.storyboard in Resources */,
				FA2818DF2B500B61006E8329 /* Assets.xcassets in Resources */,
				FAC4932D2B7519B20072CDAD /* Settings.plist in Resources */,
			);
			runOnlyForDeploymentPostprocessing = 0;
		};
/* End PBXResourcesBuildPhase section */

/* Begin PBXShellScriptBuildPhase section */
		FA885E4A2B5ED573008D1544 /* Show version on launchscreen */ = {
			isa = PBXShellScriptBuildPhase;
			alwaysOutOfDate = 1;
			buildActionMask = 2147483647;
			files = (
			);
			inputFileListPaths = (
			);
			inputPaths = (
			);
			name = "Show version on launchscreen";
			outputFileListPaths = (
			);
			outputPaths = (
			);
			runOnlyForDeploymentPostprocessing = 0;
			shellPath = /bin/sh;
			shellScript = "#   ON/OFF Script Toggle (script ON with #, script OFF without #)\n#exit 0\n\n#   App vesion / Build version constants\nsourceFilePath=\"$PROJECT_DIR/com.qulix.alex.trainingtask.ios/src/View/Screens/Base.lproj/LaunchScreen.storyboard\"\nversionNumber=\"$MARKETING_VERSION\"\nbuildNumber=\"$CURRENT_PROJECT_VERSION\"\n\n#   Output version & build numbers into a label on LaunchScreen.storyboard\nsed -i .bak -e \"/userLabel=\\\"APP_VERSION\\\"/s/text=\\\"[^\\\"]*\\\"/text=\\\"$versionNumber($buildNumber)\\\"/\" \"$sourceFilePath\"\n";
			showEnvVarsInLog = 0;
		};
		FAC4932F2B777C130072CDAD /* Increment build number */ = {
			isa = PBXShellScriptBuildPhase;
			alwaysOutOfDate = 1;
			buildActionMask = 2147483647;
			files = (
			);
			inputFileListPaths = (
			);
			inputPaths = (
			);
			name = "Increment build number";
			outputFileListPaths = (
			);
			outputPaths = (
			);
			runOnlyForDeploymentPostprocessing = 0;
			shellPath = /bin/sh;
			shellScript = "# Type a script or drag a script file from your workspace to insert its path.\ncd \"${PROJECT_DIR}\" ; agvtool bump\n";
		};
/* End PBXShellScriptBuildPhase section */

/* Begin PBXSourcesBuildPhase section */
		FA2818CE2B500B5F006E8329 /* Sources */ = {
			isa = PBXSourcesBuildPhase;
			buildActionMask = 2147483647;
			files = (
				FA885E532B5FFBFF008D1544 /* MyProgressViewController.swift in Sources */,
				FA885E432B596BEF008D1544 /* IssueListCell.swift in Sources */,
				FA9807E92B519ACB00A9E323 /* NetworkManager.swift in Sources */,
				FA2095EA2B6D35CE0046EEA1 /* DialogButtons.swift in Sources */,
				FA30D9842B553F1800706411 /* SettingsController.swift in Sources */,
				FA2818DA2B500B5F006E8329 /* MainMenuController.swift in Sources */,
				FA9807D92B5013F100A9E323 /* Employee.swift in Sources */,
				FA2818D62B500B5F006E8329 /* AppDelegate.swift in Sources */,
				FA2095EE2B710EB20046EEA1 /* ProjectEditView.swift in Sources */,
				FA2095DE2B6AA5B70046EEA1 /* Strings.swift in Sources */,
				FA30D9862B56B07100706411 /* ProjectListController.swift in Sources */,
				FA885E472B597A76008D1544 /* IssueEditController.swift in Sources */,
				FA9807D72B50116000A9E323 /* Issue.swift in Sources */,
				FA9D2B362B56D62E00595871 /* ProjectEditController.swift in Sources */,
				FA30D9892B56C09300706411 /* ProjectListCell.swift in Sources */,
				FA2095FA2B7254970046EEA1 /* MyProgressView.swift in Sources */,
				FA885E402B59684E008D1544 /* IssueListController.swift in Sources */,
				FA9807DD2B501D0800A9E323 /* Errors.swift in Sources */,
				FA9807E22B512B4600A9E323 /* EmployeeStore.swift in Sources */,
				FA2095F22B7123C50046EEA1 /* EmployeeEditView.swift in Sources */,
				FA9807DB2B50170A00A9E323 /* Settings.swift in Sources */,
				FA2095E62B6D293B0046EEA1 /* NamedTextField.swift in Sources */,
				FA2095E82B6D2D9F0046EEA1 /* SettingsView.swift in Sources */,
				FA2095E22B6BE3610046EEA1 /* ListView.swift in Sources */,
				FA2095F02B710FAC0046EEA1 /* NamedTextView.swift in Sources */,
				FA9807E72B5137CE00A9E323 /* NetworkStub.swift in Sources */,
				FA2095EC2B710AB60046EEA1 /* TableControlButtons.swift in Sources */,
				FA2095F82B7139F80046EEA1 /* NamedPicker.swift in Sources */,
				FA9D2B3C2B57EDFE00595871 /* EmployeeListCell.swift in Sources */,
				FA2095DC2B6A7F4F0046EEA1 /* MainMenuView.swift in Sources */,
				FA2095F62B7137630046EEA1 /* IssueEditView.swift in Sources */,
				FA2818D82B500B5F006E8329 /* SceneDelegate.swift in Sources */,
				FA885E3D2B57FEA8008D1544 /* EmployeeEditController.swift in Sources */,
				FA2095E02B6BE2E10046EEA1 /* DrawingConstants.swift in Sources */,
				FA9D2B392B57E9E600595871 /* EmployeeListController.swift in Sources */,
				FA2095F42B7127B90046EEA1 /* DateChooser.swift in Sources */,
				FA9807E02B5126A500A9E323 /* ProjectStore.swift in Sources */,
				FA9807D52B5010F700A9E323 /* Project.swift in Sources */,
			);
			runOnlyForDeploymentPostprocessing = 0;
		};
/* End PBXSourcesBuildPhase section */

/* Begin PBXVariantGroup section */
		FA2818E02B500B61006E8329 /* LaunchScreen.storyboard */ = {
			isa = PBXVariantGroup;
			children = (
				FA2818E12B500B61006E8329 /* Base */,
			);
			name = LaunchScreen.storyboard;
			sourceTree = "<group>";
		};
/* End PBXVariantGroup section */

/* Begin XCBuildConfiguration section */
		FA2818E42B500B61006E8329 /* Debug */ = {
			isa = XCBuildConfiguration;
			buildSettings = {
				ALWAYS_SEARCH_USER_PATHS = NO;
				ASSETCATALOG_COMPILER_GENERATE_SWIFT_ASSET_SYMBOL_EXTENSIONS = YES;
				CLANG_ANALYZER_NONNULL = YES;
				CLANG_ANALYZER_NUMBER_OBJECT_CONVERSION = YES_AGGRESSIVE;
				CLANG_CXX_LANGUAGE_STANDARD = "gnu++20";
				CLANG_ENABLE_MODULES = YES;
				CLANG_ENABLE_OBJC_ARC = YES;
				CLANG_ENABLE_OBJC_WEAK = YES;
				CLANG_WARN_BLOCK_CAPTURE_AUTORELEASING = YES;
				CLANG_WARN_BOOL_CONVERSION = YES;
				CLANG_WARN_COMMA = YES;
				CLANG_WARN_CONSTANT_CONVERSION = YES;
				CLANG_WARN_DEPRECATED_OBJC_IMPLEMENTATIONS = YES;
				CLANG_WARN_DIRECT_OBJC_ISA_USAGE = YES_ERROR;
				CLANG_WARN_DOCUMENTATION_COMMENTS = YES;
				CLANG_WARN_EMPTY_BODY = YES;
				CLANG_WARN_ENUM_CONVERSION = YES;
				CLANG_WARN_INFINITE_RECURSION = YES;
				CLANG_WARN_INT_CONVERSION = YES;
				CLANG_WARN_NON_LITERAL_NULL_CONVERSION = YES;
				CLANG_WARN_OBJC_IMPLICIT_RETAIN_SELF = YES;
				CLANG_WARN_OBJC_LITERAL_CONVERSION = YES;
				CLANG_WARN_OBJC_ROOT_CLASS = YES_ERROR;
				CLANG_WARN_QUOTED_INCLUDE_IN_FRAMEWORK_HEADER = YES;
				CLANG_WARN_RANGE_LOOP_ANALYSIS = YES;
				CLANG_WARN_STRICT_PROTOTYPES = YES;
				CLANG_WARN_SUSPICIOUS_MOVE = YES;
				CLANG_WARN_UNGUARDED_AVAILABILITY = YES_AGGRESSIVE;
				CLANG_WARN_UNREACHABLE_CODE = YES;
				CLANG_WARN__DUPLICATE_METHOD_MATCH = YES;
				COPY_PHASE_STRIP = NO;
				DEBUG_INFORMATION_FORMAT = dwarf;
				ENABLE_STRICT_OBJC_MSGSEND = YES;
				ENABLE_TESTABILITY = YES;
				ENABLE_USER_SCRIPT_SANDBOXING = NO;
				GCC_C_LANGUAGE_STANDARD = gnu17;
				GCC_DYNAMIC_NO_PIC = NO;
				GCC_NO_COMMON_BLOCKS = YES;
				GCC_OPTIMIZATION_LEVEL = 0;
				GCC_PREPROCESSOR_DEFINITIONS = (
					"DEBUG=1",
					"$(inherited)",
				);
				GCC_WARN_64_TO_32_BIT_CONVERSION = YES;
				GCC_WARN_ABOUT_RETURN_TYPE = YES_ERROR;
				GCC_WARN_UNDECLARED_SELECTOR = YES;
				GCC_WARN_UNINITIALIZED_AUTOS = YES_AGGRESSIVE;
				GCC_WARN_UNUSED_FUNCTION = YES;
				GCC_WARN_UNUSED_VARIABLE = YES;
				IPHONEOS_DEPLOYMENT_TARGET = 13.0;
				LOCALIZATION_PREFERS_STRING_CATALOGS = YES;
				MTL_ENABLE_DEBUG_INFO = INCLUDE_SOURCE;
				MTL_FAST_MATH = YES;
				ONLY_ACTIVE_ARCH = YES;
				SDKROOT = iphoneos;
				SWIFT_ACTIVE_COMPILATION_CONDITIONS = "DEBUG $(inherited)";
				SWIFT_OPTIMIZATION_LEVEL = "-Onone";
			};
			name = Debug;
		};
		FA2818E52B500B61006E8329 /* Release */ = {
			isa = XCBuildConfiguration;
			buildSettings = {
				ALWAYS_SEARCH_USER_PATHS = NO;
				ASSETCATALOG_COMPILER_GENERATE_SWIFT_ASSET_SYMBOL_EXTENSIONS = YES;
				CLANG_ANALYZER_NONNULL = YES;
				CLANG_ANALYZER_NUMBER_OBJECT_CONVERSION = YES_AGGRESSIVE;
				CLANG_CXX_LANGUAGE_STANDARD = "gnu++20";
				CLANG_ENABLE_MODULES = YES;
				CLANG_ENABLE_OBJC_ARC = YES;
				CLANG_ENABLE_OBJC_WEAK = YES;
				CLANG_WARN_BLOCK_CAPTURE_AUTORELEASING = YES;
				CLANG_WARN_BOOL_CONVERSION = YES;
				CLANG_WARN_COMMA = YES;
				CLANG_WARN_CONSTANT_CONVERSION = YES;
				CLANG_WARN_DEPRECATED_OBJC_IMPLEMENTATIONS = YES;
				CLANG_WARN_DIRECT_OBJC_ISA_USAGE = YES_ERROR;
				CLANG_WARN_DOCUMENTATION_COMMENTS = YES;
				CLANG_WARN_EMPTY_BODY = YES;
				CLANG_WARN_ENUM_CONVERSION = YES;
				CLANG_WARN_INFINITE_RECURSION = YES;
				CLANG_WARN_INT_CONVERSION = YES;
				CLANG_WARN_NON_LITERAL_NULL_CONVERSION = YES;
				CLANG_WARN_OBJC_IMPLICIT_RETAIN_SELF = YES;
				CLANG_WARN_OBJC_LITERAL_CONVERSION = YES;
				CLANG_WARN_OBJC_ROOT_CLASS = YES_ERROR;
				CLANG_WARN_QUOTED_INCLUDE_IN_FRAMEWORK_HEADER = YES;
				CLANG_WARN_RANGE_LOOP_ANALYSIS = YES;
				CLANG_WARN_STRICT_PROTOTYPES = YES;
				CLANG_WARN_SUSPICIOUS_MOVE = YES;
				CLANG_WARN_UNGUARDED_AVAILABILITY = YES_AGGRESSIVE;
				CLANG_WARN_UNREACHABLE_CODE = YES;
				CLANG_WARN__DUPLICATE_METHOD_MATCH = YES;
				COPY_PHASE_STRIP = NO;
				DEBUG_INFORMATION_FORMAT = "dwarf-with-dsym";
				ENABLE_NS_ASSERTIONS = NO;
				ENABLE_STRICT_OBJC_MSGSEND = YES;
				ENABLE_USER_SCRIPT_SANDBOXING = NO;
				GCC_C_LANGUAGE_STANDARD = gnu17;
				GCC_NO_COMMON_BLOCKS = YES;
				GCC_WARN_64_TO_32_BIT_CONVERSION = YES;
				GCC_WARN_ABOUT_RETURN_TYPE = YES_ERROR;
				GCC_WARN_UNDECLARED_SELECTOR = YES;
				GCC_WARN_UNINITIALIZED_AUTOS = YES_AGGRESSIVE;
				GCC_WARN_UNUSED_FUNCTION = YES;
				GCC_WARN_UNUSED_VARIABLE = YES;
				IPHONEOS_DEPLOYMENT_TARGET = 13.0;
				LOCALIZATION_PREFERS_STRING_CATALOGS = YES;
				MTL_ENABLE_DEBUG_INFO = NO;
				MTL_FAST_MATH = YES;
				SDKROOT = iphoneos;
				SWIFT_COMPILATION_MODE = wholemodule;
				VALIDATE_PRODUCT = YES;
			};
			name = Release;
		};
		FA2818E72B500B61006E8329 /* Debug */ = {
			isa = XCBuildConfiguration;
			buildSettings = {
				ASSETCATALOG_COMPILER_APPICON_NAME = AppIcon;
				ASSETCATALOG_COMPILER_GLOBAL_ACCENT_COLOR_NAME = AccentColor;
				CODE_SIGN_IDENTITY = "Apple Development";
				"CODE_SIGN_IDENTITY[sdk=iphoneos*]" = "iPhone Distribution";
				CODE_SIGN_STYLE = Manual;
				CURRENT_PROJECT_VERSION = 25;
				DEVELOPMENT_TEAM = "";
				"DEVELOPMENT_TEAM[sdk=iphoneos*]" = QUGY3G28TX;
				GENERATE_INFOPLIST_FILE = YES;
				INFOPLIST_FILE = com.qulix.alex.trainingtask.ios/src/Info.plist;
				INFOPLIST_KEY_UIApplicationSupportsIndirectInputEvents = YES;
				INFOPLIST_KEY_UILaunchStoryboardName = LaunchScreen;
				INFOPLIST_KEY_UISupportedInterfaceOrientations = UIInterfaceOrientationPortrait;
				INFOPLIST_KEY_UISupportedInterfaceOrientations_iPad = "UIInterfaceOrientationLandscapeLeft UIInterfaceOrientationLandscapeRight UIInterfaceOrientationPortrait UIInterfaceOrientationPortraitUpsideDown";
				LD_RUNPATH_SEARCH_PATHS = (
					"$(inherited)",
					"@executable_path/Frameworks",
				);
				MARKETING_VERSION = "20240129-2";
				PRODUCT_BUNDLE_IDENTIFIER = com.qulix.avasilevsky.trainingtask;
				PRODUCT_NAME = "$(TARGET_NAME)";
				PROVISIONING_PROFILE_SPECIFIER = "";
				"PROVISIONING_PROFILE_SPECIFIER[sdk=iphoneos*]" = com.qulix.avasilevsky.trainingtask;
				SWIFT_EMIT_LOC_STRINGS = YES;
				SWIFT_VERSION = 5.0;
				TARGETED_DEVICE_FAMILY = "1,2";
			};
			name = Debug;
		};
		FA2818E82B500B61006E8329 /* Release */ = {
			isa = XCBuildConfiguration;
			buildSettings = {
				ASSETCATALOG_COMPILER_APPICON_NAME = AppIcon;
				ASSETCATALOG_COMPILER_GLOBAL_ACCENT_COLOR_NAME = AccentColor;
				CODE_SIGN_IDENTITY = "iPhone Distribution: Qulix UK LTD";
				"CODE_SIGN_IDENTITY[sdk=iphoneos*]" = "iPhone Distribution: Qulix UK LTD";
				CODE_SIGN_STYLE = Manual;
				CURRENT_PROJECT_VERSION = 25;
				DEVELOPMENT_TEAM = "";
				"DEVELOPMENT_TEAM[sdk=iphoneos*]" = QUGY3G28TX;
				GENERATE_INFOPLIST_FILE = YES;
				INFOPLIST_FILE = com.qulix.alex.trainingtask.ios/src/Info.plist;
				INFOPLIST_KEY_UIApplicationSupportsIndirectInputEvents = YES;
				INFOPLIST_KEY_UILaunchStoryboardName = LaunchScreen;
				INFOPLIST_KEY_UISupportedInterfaceOrientations = UIInterfaceOrientationPortrait;
				INFOPLIST_KEY_UISupportedInterfaceOrientations_iPad = "UIInterfaceOrientationLandscapeLeft UIInterfaceOrientationLandscapeRight UIInterfaceOrientationPortrait UIInterfaceOrientationPortraitUpsideDown";
				LD_RUNPATH_SEARCH_PATHS = (
					"$(inherited)",
					"@executable_path/Frameworks",
				);
				MARKETING_VERSION = "20240129-2";
				PRODUCT_BUNDLE_IDENTIFIER = com.qulix.avasilevsky.trainingtask;
				PRODUCT_NAME = "$(TARGET_NAME)";
				PROVISIONING_PROFILE = "d0b85cb8-ca87-4704-9148-0ae2fa13f3a8";
				PROVISIONING_PROFILE_SPECIFIER = com.qulix.avasilevsky.trainingtask;
				"PROVISIONING_PROFILE_SPECIFIER[sdk=iphoneos*]" = com.qulix.avasilevsky.trainingtask;
				SWIFT_EMIT_LOC_STRINGS = YES;
				SWIFT_VERSION = 5.0;
				TARGETED_DEVICE_FAMILY = "1,2";
			};
			name = Release;
		};
/* End XCBuildConfiguration section */

/* Begin XCConfigurationList section */
		FA2818CD2B500B5F006E8329 /* Build configuration list for PBXProject "trainingtask" */ = {
			isa = XCConfigurationList;
			buildConfigurations = (
				FA2818E42B500B61006E8329 /* Debug */,
				FA2818E52B500B61006E8329 /* Release */,
			);
			defaultConfigurationIsVisible = 0;
			defaultConfigurationName = Release;
		};
		FA2818E62B500B61006E8329 /* Build configuration list for PBXNativeTarget "trainingtask" */ = {
			isa = XCConfigurationList;
			buildConfigurations = (
				FA2818E72B500B61006E8329 /* Debug */,
				FA2818E82B500B61006E8329 /* Release */,
			);
			defaultConfigurationIsVisible = 0;
			defaultConfigurationName = Release;
		};
/* End XCConfigurationList section */
	};
	rootObject = FA2818CA2B500B5F006E8329 /* Project object */;
}
